{
  "lockfile-version": 1,
  "manifest": {
    "schema-version": "1.10.0",
    "install": {
      "bun": {
        "pkg-path": "bun"
      },
      "nodejs": {
        "pkg-path": "nodejs"
      }
    },
    "hook": {
      "on-activate": "\n  bun i\n  echo \"\"\n  echo \"run 'flox services start dev' to start the dev server at localhost:3000\"\n  echo \"\"\n  echo \"run 'flox services start dev-host' to start the dev server and expose to the LAN/Tailnet at hostname:300\"\n  echo \"\"\n  echo \"Contact Jaiden for help with Flox @ Fyra\"\n  echo \"\"\n  echo \"\"\n"
    },
    "options": {
      "systems": [
        "aarch64-darwin",
        "aarch64-linux",
        "x86_64-darwin",
        "x86_64-linux"
      ]
    },
    "services": {
      "dev": {
        "command": "bun dev"
      },
      "dev-host": {
        "command": "bun dev --host"
      }
    }
  },
  "packages": [
    {
      "attr_path": "bun",
      "broken": false,
      "derivation": "/nix/store/923bn84szvvcjhy05226q05vr2ds847s-bun-1.3.11.drv",
      "description": "Incredibly fast JavaScript runtime, bundler, transpiler and package manager – all in one",
      "install_id": "bun",
      "license": "[ MIT, LGPL-2.1-only ]",
      "locked_url": "https://github.com/flox/nixpkgs?rev=8110df5ad7abf5d4c0f6fb0f8f978390e77f9685",
      "name": "bun-1.3.11",
      "pname": "bun",
      "rev": "8110df5ad7abf5d4c0f6fb0f8f978390e77f9685",
      "rev_count": 971119,
      "rev_date": "2026-03-28T14:48:23Z",
      "scrape_date": "2026-03-30T03:37:19.688901Z",
      "stabilities": [
        "unstable"
      ],
      "unfree": false,
      "version": "1.3.11",
      "outputs_to_install": [
        "out"
      ],
      "outputs": {
        "out": "/nix/store/cgzjp11cgzg8n349rqmbqz46izm2kl2k-bun-1.3.11"
      },
      "system": "aarch64-darwin",
      "group": "toplevel",
      "priority": 5
    },
    {
      "attr_path": "bun",
      "broken": false,
      "derivation": "/nix/store/qjvwg5k4mn20j9v1lhbvzyc0dl7r8jv3-bun-1.3.11.drv",
      "description": "Incredibly fast JavaScript runtime, bundler, transpiler and package manager – all in one",
      "install_id": "bun",
      "license": "[ MIT, LGPL-2.1-only ]",
      "locked_url": "https://github.com/flox/nixpkgs?rev=8110df5ad7abf5d4c0f6fb0f8f978390e77f9685",
      "name": "bun-1.3.11",
      "pname": "bun",
      "rev": "8110df5ad7abf5d4c0f6fb0f8f978390e77f9685",
      "rev_count": 971119,
      "rev_date": "2026-03-28T14:48:23Z",
      "scrape_date": "2026-03-30T04:09:54.055855Z",
      "stabilities": [
        "unstable"
      ],
      "unfree": false,
      "version": "1.3.11",
      "outputs_to_install": [
        "out"
      ],
      "outputs": {
        "out": "/nix/store/n24wmwy3slpa1z9d5x6hyw9s2r41xjxm-bun-1.3.11"
      },
      "system": "aarch64-linux",
      "group": "toplevel",
      "priority": 5
    },
    {
      "attr_path": "bun",
      "broken": false,
      "derivation": "/nix/store/84icbf3f96islpxqvil7pb9rafwwbfdx-bun-1.3.11.drv",
      "description": "Incredibly fast JavaScript runtime, bundler, transpiler and package manager – all in one",
      "install_id": "bun",
      "license": "[ MIT, LGPL-2.1-only ]",
      "locked_url": "https://github.com/flox/nixpkgs?rev=8110df5ad7abf5d4c0f6fb0f8f978390e77f9685",
      "name": "bun-1.3.11",
      "pname": "bun",
      "rev": "8110df5ad7abf5d4c0f6fb0f8f978390e77f9685",
      "rev_count": 971119,
      "rev_date": "2026-03-28T14:48:23Z",
      "scrape_date": "2026-03-30T04:40:38.923886Z",
      "stabilities": [
        "unstable"
      ],
      "unfree": false,
      "version": "1.3.11",
      "outputs_to_install": [
        "out"
      ],
      "outputs": {
        "out": "/nix/store/p03zpjl2i2f03pv7xd335cqv8w1qn6i8-bun-1.3.11"
      },
      "system": "x86_64-darwin",
      "group": "toplevel",
      "priority": 5
    },
    {
      "attr_path": "bun",
      "broken": false,
      "derivation": "/nix/store/64i3nhw4vszdmfkc8mja1g8v0gsfbps5-bun-1.3.11.drv",
      "description": "Incredibly fast JavaScript runtime, bundler, transpiler and package manager – all in one",
      "install_id": "bun",
      "license": "[ MIT, LGPL-2.1-only ]",
      "locked_url": "https://github.com/flox/nixpkgs?rev=8110df5ad7abf5d4c0f6fb0f8f978390e77f9685",
      "name": "bun-1.3.11",
      "pname": "bun",
      "rev": "8110df5ad7abf5d4c0f6fb0f8f978390e77f9685",
      "rev_count": 971119,
      "rev_date": "2026-03-28T14:48:23Z",
      "scrape_date": "2026-03-30T05:16:14.376411Z",
      "stabilities": [
        "unstable"
      ],
      "unfree": false,
      "version": "1.3.11",
      "outputs_to_install": [
        "out"
      ],
      "outputs": {
        "out": "/nix/store/4b7jvqsqywnsb273svingfmpqschkszi-bun-1.3.11"
      },
      "system": "x86_64-linux",
      "group": "toplevel",
      "priority": 5
    },
    {
      "attr_path": "nodejs",
      "broken": false,
      "derivation": "/nix/store/g2yfx00n1lp9i8ka7nbl11fawc0yfm7n-nodejs-24.14.0.drv",
      "description": "Event-driven I/O framework for the V8 JavaScript engine",
      "install_id": "nodejs",
      "license": "MIT",
      "locked_url": "https://github.com/flox/nixpkgs?rev=8110df5ad7abf5d4c0f6fb0f8f978390e77f9685",
      "name": "nodejs-24.14.0",
      "pname": "nodejs",
      "rev": "8110df5ad7abf5d4c0f6fb0f8f978390e77f9685",
      "rev_count": 971119,
      "rev_date": "2026-03-28T14:48:23Z",
      "scrape_date": "2026-03-30T03:37:44.188491Z",
      "stabilities": [
        "unstable"
      ],
      "unfree": false,
      "version": "24.14.0",
      "outputs_to_install": [
        "out"
      ],
      "outputs": {
        "out": "/nix/store/d5hw52iialz64hvfzfp9qm1gr2fp43kx-nodejs-24.14.0"
      },
      "system": "aarch64-darwin",
      "group": "toplevel",
      "priority": 5
    },
    {
      "attr_path": "nodejs",
      "broken": false,
      "derivation": "/nix/store/jj8rw2gnisil7dw10xi2qdinad9jqp7s-nodejs-24.14.0.drv",
      "description": "Event-driven I/O framework for the V8 JavaScript engine",
      "install_id": "nodejs",
      "license": "MIT",
      "locked_url": "https://github.com/flox/nixpkgs?rev=8110df5ad7abf5d4c0f6fb0f8f978390e77f9685",
      "name": "nodejs-24.14.0",
      "pname": "nodejs",
      "rev": "8110df5ad7abf5d4c0f6fb0f8f978390e77f9685",
      "rev_count": 971119,
      "rev_date": "2026-03-28T14:48:23Z",
      "scrape_date": "2026-03-30T04:10:33.055894Z",
      "stabilities": [
        "unstable"
      ],
      "unfree": false,
      "version": "24.14.0",
      "outputs_to_install": [
        "out"
      ],
      "outputs": {
        "out": "/nix/store/vs8zaq8fvbbjqfg4bzn424kn55sj7s7y-nodejs-24.14.0"
      },
      "system": "aarch64-linux",
      "group": "toplevel",
      "priority": 5
    },
    {
      "attr_path": "nodejs",
      "broken": false,
      "derivation": "/nix/store/l9ksrfa960964gqf23yfr7a66a2n18c1-nodejs-24.14.0.drv",
      "description": "Event-driven I/O framework for the V8 JavaScript engine",
      "install_id": "nodejs",
      "license": "MIT",
      "locked_url": "https://github.com/flox/nixpkgs?rev=8110df5ad7abf5d4c0f6fb0f8f978390e77f9685",
      "name": "nodejs-24.14.0",
      "pname": "nodejs",
      "rev": "8110df5ad7abf5d4c0f6fb0f8f978390e77f9685",
      "rev_count": 971119,
      "rev_date": "2026-03-28T14:48:23Z",
      "scrape_date": "2026-03-30T04:41:03.483286Z",
      "stabilities": [
        "unstable"
      ],
      "unfree": false,
      "version": "24.14.0",
      "outputs_to_install": [
        "out"
      ],
      "outputs": {
        "out": "/nix/store/70ypbaj273w2kk0nrs4vijizyqgbg48v-nodejs-24.14.0"
      },
      "system": "x86_64-darwin",
      "group": "toplevel",
      "priority": 5
    },
    {
      "attr_path": "nodejs",
      "broken": false,
      "derivation": "/nix/store/15s1kk2n6vg180wg04wj2wgnl19f03v7-nodejs-24.14.0.drv",
      "description": "Event-driven I/O framework for the V8 JavaScript engine",
      "install_id": "nodejs",
      "license": "MIT",
      "locked_url": "https://github.com/flox/nixpkgs?rev=8110df5ad7abf5d4c0f6fb0f8f978390e77f9685",
      "name": "nodejs-24.14.0",
      "pname": "nodejs",
      "rev": "8110df5ad7abf5d4c0f6fb0f8f978390e77f9685",
      "rev_count": 971119,
      "rev_date": "2026-03-28T14:48:23Z",
      "scrape_date": "2026-03-30T05:16:55.941803Z",
      "stabilities": [
        "unstable"
      ],
      "unfree": false,
      "version": "24.14.0",
      "outputs_to_install": [
        "out"
      ],
      "outputs": {
        "out": "/nix/store/v2210ar51jddnrcx46m53ivv9palc26m-nodejs-24.14.0"
      },
      "system": "x86_64-linux",
      "group": "toplevel",
      "priority": 5
    }
  ]
}
